
Microsoft Visual Studio Solution File, Format Version 12.00
# Visual Studio Version 16
VisualStudioVersion = 16.0.29728.190
MinimumVisualStudioVersion = 10.0.40219.1
Project("{FAE04EC0-301F-11D3-BF4B-00C04F79EFBC}") = "CECS448.Prototype2", "CECS448.Prototype2\CECS448.Prototype2.csproj", "{49239C93-05BE-454E-9EDB-7AA27267F719}"
EndProject
Global
	GlobalSection(SolutionConfigurationPlatforms) = preSolution
		Debug|Any CPU = Debug|Any CPU
		Release|Any CPU = Release|Any CPU
	EndGlobalSection
	GlobalSection(ProjectConfigurationPlatforms) = postSolution
		{49239C93-05BE-454E-9EDB-7AA27267F719}.Debug|Any CPU.ActiveCfg = Debug|Any CPU
		{49239C93-05BE-454E-9EDB-7AA27267F719}.Debug|Any CPU.Build.0 = Debug|Any CPU
		{49239C93-05BE-454E-9EDB-7AA27267F719}.Release|Any CPU.ActiveCfg = Release|Any CPU
		{49239C93-05BE-454E-9EDB-7AA27267F719}.Release|Any CPU.Build.0 = Release|Any CPU
	EndGlobalSection
	GlobalSection(SolutionProperties) = preSolution
		HideSolutionNode = FALSE
	EndGlobalSection
	GlobalSection(ExtensibilityGlobals) = postSolution
		SolutionGuid = {88C44E23-0E3C-4CEC-B583-E0D12CFFF2F6}
	EndGlobalSection
EndGlobal
